
Microsoft Visual Studio Solution File, Format Version 12.00
# Visual Studio Version 17
VisualStudioVersion = 17.5.33627.172
MinimumVisualStudioVersion = 10.0.40219.1
Project("{FAE04EC0-301F-11D3-BF4B-00C04F79EFBC}") = "Labb 1 – Grunderna i OOP - Linus Aspelöf", "Labb 1 – Grunderna i OOP - Linus Aspelöf\Labb 1 – Grunderna i OOP - Linus Aspelöf.csproj", "{E386A110-5687-45E2-AB7D-AF2EB1614DD0}"
EndProject
Global
	GlobalSection(SolutionConfigurationPlatforms) = preSolution
		Debug|Any CPU = Debug|Any CPU
		Release|Any CPU = Release|Any CPU
	EndGlobalSection
	GlobalSection(ProjectConfigurationPlatforms) = postSolution
		{E386A110-5687-45E2-AB7D-AF2EB1614DD0}.Debug|Any CPU.ActiveCfg = Debug|Any CPU
		{E386A110-5687-45E2-AB7D-AF2EB1614DD0}.Debug|Any CPU.Build.0 = Debug|Any CPU
		{E386A110-5687-45E2-AB7D-AF2EB1614DD0}.Release|Any CPU.ActiveCfg = Release|Any CPU
		{E386A110-5687-45E2-AB7D-AF2EB1614DD0}.Release|Any CPU.Build.0 = Release|Any CPU
	EndGlobalSection
	GlobalSection(SolutionProperties) = preSolution
		HideSolutionNode = FALSE
	EndGlobalSection
	GlobalSection(ExtensibilityGlobals) = postSolution
		SolutionGuid = {154DEA3B-B7EA-403B-A2BA-DC1ABA51EE9C}
	EndGlobalSection
EndGlobal
